// !$*UTF8*$!
{
	archiveVersion = 1;
	classes = {
	};
	objectVersion = 77;
	objects = {

/* Begin PBXBuildFile section */
		6BDDA661FBE41D1DDB181EB1 /* AudioCastIOSApp.swift in Sources */ = {isa = PBXBuildFile; fileRef = 3AC4AB38E451F0FAA209FE89 /* AudioCastIOSApp.swift */; };
		9C8B0F457F4CDAF59CC24342 /* AudioCastProtocol.swift in Sources */ = {isa = PBXBuildFile; fileRef = 711D2CBDF9B1AE8A3AB804AA /* AudioCastProtocol.swift */; };
		C70CAFCB42EB3E65DB8D4CAD /* ContentView.swift in Sources */ = {isa = PBXBuildFile; fileRef = 1A4A03E5A43FC6DBB5F56A10 /* ContentView.swift */; };
		E720914B80CF854FC3B65738 /* AudioPlayer.swift in Sources */ = {isa = PBXBuildFile; fileRef = 6D06613DC0863B26F572F5EF /* AudioPlayer.swift */; };
		FFD61BB34D19B93C8301A7CC /* StreamReceiver.swift in Sources */ = {isa = PBXBuildFile; fileRef = F258DF18F7C92FC7208AA3EA /* StreamReceiver.swift */; };
/* End PBXBuildFile section */

/* Begin PBXFileReference section */
		1A4A03E5A43FC6DBB5F56A10 /* ContentView.swift */ = {isa = PBXFileReference; lastKnownFileType = sourcecode.swift; path = ContentView.swift; sourceTree = "<group>"; };
		3AC4AB38E451F0FAA209FE89 /* AudioCastIOSApp.swift */ = {isa = PBXFileReference; lastKnownFileType = sourcecode.swift; path = AudioCastIOSApp.swift; sourceTree = "<group>"; };
		6D06613DC0863B26F572F5EF /* AudioPlayer.swift */ = {isa = PBXFileReference; lastKnownFileType = sourcecode.swift; path = AudioPlayer.swift; sourceTree = "<group>"; };
		711D2CBDF9B1AE8A3AB804AA /* AudioCastProtocol.swift */ = {isa = PBXFileReference; lastKnownFileType = sourcecode.swift; path = AudioCastProtocol.swift; sourceTree = "<group>"; };
		EBCDE1E79096D96E6AB4C66B /* AudioCastIOS.app */ = {isa = PBXFileReference; explicitFileType = wrapper.application; includeInIndex = 0; path = AudioCastIOS.app; sourceTree = BUILT_PRODUCTS_DIR; };
		F258DF18F7C92FC7208AA3EA /* StreamReceiver.swift */ = {isa = PBXFileReference; lastKnownFileType = sourcecode.swift; path = StreamReceiver.swift; sourceTree = "<group>"; };
/* End PBXFileReference section */

/* Begin PBXGroup section */
		01372DC7588A5327866E860A /* Products */ = {
			isa = PBXGroup;
			children = (
				EBCDE1E79096D96E6AB4C66B /* AudioCastIOS.app */,
			);
			name = Products;
			sourceTree = "<group>";
		};
		0E626C2D85154E01F0C7D0F7 /* Sources */ = {
			isa = PBXGroup;
			children = (
				3AC4AB38E451F0FAA209FE89 /* AudioCastIOSApp.swift */,
				711D2CBDF9B1AE8A3AB804AA /* AudioCastProtocol.swift */,
				6D06613DC0863B26F572F5EF /* AudioPlayer.swift */,
				1A4A03E5A43FC6DBB5F56A10 /* ContentView.swift */,
				F258DF18F7C92FC7208AA3EA /* StreamReceiver.swift */,
			);
			path = Sources;
			sourceTree = "<group>";
		};
		AC97B0BABC34952C0F925568 = {
			isa = PBXGroup;
			children = (
				0E626C2D85154E01F0C7D0F7 /* Sources */,
				01372DC7588A5327866E860A /* Products */,
			);
			sourceTree = "<group>";
		};
/* End PBXGroup section */

/* Begin PBXNativeTarget section */
		2E14B82202F6711D121E6968 /* AudioCastIOS */ = {
			isa = PBXNativeTarget;
			buildConfigurationList = D56DA2A822884FF9D46C85B2 /* Build configuration list for PBXNativeTarget "AudioCastIOS" */;
			buildPhases = (
				7CC3911A1C64B7D3C84EFC21 /* Sources */,
			);
			buildRules = (
			);
			dependencies = (
			);
			name = AudioCastIOS;
			packageProductDependencies = (
			);
			productName = AudioCastIOS;
			productReference = EBCDE1E79096D96E6AB4C66B /* AudioCastIOS.app */;
			productType = "com.apple.product-type.application";
		};
/* End PBXNativeTarget section */

/* Begin PBXProject section */
		1E5F53ECC31019B31D4824C8 /* Project object */ = {
			isa = PBXProject;
			attributes = {
				BuildIndependentTargetsInParallel = YES;
				LastUpgradeCheck = 2640;
			};
			buildConfigurationList = 9FBA84DEA24846F99A0D54D1 /* Build configuration list for PBXProject "AudioCastIOS" */;
			developmentRegion = en;
			hasScannedForEncodings = 0;
			knownRegions = (
				Base,
				en,
			);
			mainGroup = AC97B0BABC34952C0F925568;
			minimizedProjectReferenceProxies = 1;
			preferredProjectObjectVersion = 77;
			productRefGroup = 01372DC7588A5327866E860A /* Products */;
			projectDirPath = "";
			projectRoot = "";
			targets = (
				2E14B82202F6711D121E6968 /* AudioCastIOS */,
			);
		};
/* End PBXProject section */

/* Begin PBXSourcesBuildPhase section */
		7CC3911A1C64B7D3C84EFC21 /* Sources */ = {
			isa = PBXSourcesBuildPhase;
			buildActionMask = 2147483647;
			files = (
				6BDDA661FBE41D1DDB181EB1 /* AudioCastIOSApp.swift in Sources */,
				9C8B0F457F4CDAF59CC24342 /* AudioCastProtocol.swift in Sources */,
				E720914B80CF854FC3B65738 /* AudioPlayer.swift in Sources */,
				C70CAFCB42EB3E65DB8D4CAD /* ContentView.swift in Sources */,
				FFD61BB34D19B93C8301A7CC /* StreamReceiver.swift in Sources */,
			);
			runOnlyForDeploymentPostprocessing = 0;
		};
/* End PBXSourcesBuildPhase section */

/* Begin XCBuildConfiguration section */
		645AEA09553DDDE649FBCB2D /* Debug */ = {
			isa = XCBuildConfiguration;
			buildSettings = {
				ALWAYS_SEARCH_USER_PATHS = NO;
				CLANG_ANALYZER_NONNULL = YES;
				CLANG_ANALYZER_NUMBER_OBJECT_CONVERSION = YES_AGGRESSIVE;
				CLANG_CXX_LANGUAGE_STANDARD = "gnu++14";
				CLANG_CXX_LIBRARY = "libc++";
				CLANG_ENABLE_MODULES = YES;
				CLANG_ENABLE_OBJC_ARC = YES;
				CLANG_ENABLE_OBJC_WEAK = YES;
				CLANG_WARN_BLOCK_CAPTURE_AUTORELEASING = YES;
				CLANG_WARN_BOOL_CONVERSION = YES;
				CLANG_WARN_COMMA = YES;
				CLANG_WARN_CONSTANT_CONVERSION = YES;
				CLANG_WARN_DEPRECATED_OBJC_IMPLEMENTATIONS = YES;
				CLANG_WARN_DIRECT_OBJC_ISA_USAGE = YES_ERROR;
				CLANG_WARN_DOCUMENTATION_COMMENTS = YES;
				CLANG_WARN_EMPTY_BODY = YES;
				CLANG_WARN_ENUM_CONVERSION = YES;
				CLANG_WARN_INFINITE_RECURSION = YES;
				CLANG_WARN_INT_CONVERSION = YES;
				CLANG_WARN_NON_LITERAL_NULL_CONVERSION = YES;
				CLANG_WARN_OBJC_IMPLICIT_RETAIN_SELF = YES;
				CLANG_WARN_OBJC_LITERAL_CONVERSION = YES;
				CLANG_WARN_OBJC_ROOT_CLASS = YES_ERROR;
				CLANG_WARN_QUOTED_INCLUDE_IN_FRAMEWORK_HEADER = YES;
				CLANG_WARN_RANGE_LOOP_ANALYSIS = YES;
				CLANG_WARN_STRICT_PROTOTYPES = YES;
				CLANG_WARN_SUSPICIOUS_MOVE = YES;
				CLANG_WARN_UNGUARDED_AVAILABILITY = YES_AGGRESSIVE;
				CLANG_WARN_UNREACHABLE_CODE = YES;
				CLANG_WARN__DUPLICATE_METHOD_MATCH = YES;
				COPY_PHASE_STRIP = NO;
				DEBUG_INFORMATION_FORMAT = dwarf;
				DEVELOPMENT_TEAM = R5P3HZ7572;
				ENABLE_STRICT_OBJC_MSGSEND = YES;
				ENABLE_TESTABILITY = YES;
				ENABLE_USER_SCRIPT_SANDBOXING = YES;
				GCC_C_LANGUAGE_STANDARD = gnu11;
				GCC_DYNAMIC_NO_PIC = NO;
				GCC_NO_COMMON_BLOCKS = YES;
				GCC_OPTIMIZATION_LEVEL = 0;
				GCC_PREPROCESSOR_DEFINITIONS = (
					"$(inherited)",
					"DEBUG=1",
				);
				GCC_WARN_64_TO_32_BIT_CONVERSION = YES;
				GCC_WARN_ABOUT_RETURN_TYPE = YES_ERROR;
				GCC_WARN_UNDECLARED_SELECTOR = YES;
				GCC_WARN_UNINITIALIZED_AUTOS = YES_AGGRESSIVE;
				GCC_WARN_UNUSED_FUNCTION = YES;
				GCC_WARN_UNUSED_VARIABLE = YES;
				MTL_ENABLE_DEBUG_INFO = INCLUDE_SOURCE;
				MTL_FAST_MATH = YES;
				ONLY_ACTIVE_ARCH = YES;
				PRODUCT_NAME = "$(TARGET_NAME)";
				SDKROOT = iphoneos;
				STRING_CATALOG_GENERATE_SYMBOLS = YES;
				SWIFT_ACTIVE_COMPILATION_CONDITIONS = DEBUG;
				SWIFT_OPTIMIZATION_LEVEL = "-Onone";
				SWIFT_VERSION = 5.0;
			};
			name = Debug;
		};
		A52B93475FBCB0BB71F12632 /* Debug */ = {
			isa = XCBuildConfiguration;
			buildSettings = {
				ASSETCATALOG_COMPILER_APPICON_NAME = AppIcon;
				CODE_SIGN_IDENTITY = "iPhone Developer";
				INFOPLIST_FILE = Info.plist;
				IPHONEOS_DEPLOYMENT_TARGET = 16.0;
				LD_RUNPATH_SEARCH_PATHS = (
					"$(inherited)",
					"@executable_path/Frameworks",
				);
				PRODUCT_BUNDLE_IDENTIFIER = com.ekshithp.audiocastios;
				SDKROOT = iphoneos;
				TARGETED_DEVICE_FAMILY = "1,2";
			};
			name = Debug;
		};
		AC7555A258C1A2F575EFF287 /* Release */ = {
			isa = XCBuildConfiguration;
			buildSettings = {
				ALWAYS_SEARCH_USER_PATHS = NO;
				CLANG_ANALYZER_NONNULL = YES;
				CLANG_ANALYZER_NUMBER_OBJECT_CONVERSION = YES_AGGRESSIVE;
				CLANG_CXX_LANGUAGE_STANDARD = "gnu++14";
				CLANG_CXX_LIBRARY = "libc++";
				CLANG_ENABLE_MODULES = YES;
				CLANG_ENABLE_OBJC_ARC = YES;
				CLANG_ENABLE_OBJC_WEAK = YES;
				CLANG_WARN_BLOCK_CAPTURE_AUTORELEASING = YES;
				CLANG_WARN_BOOL_CONVERSION = YES;
				CLANG_WARN_COMMA = YES;
				CLANG_WARN_CONSTANT_CONVERSION = YES;
				CLANG_WARN_DEPRECATED_OBJC_IMPLEMENTATIONS = YES;
				CLANG_WARN_DIRECT_OBJC_ISA_USAGE = YES_ERROR;
				CLANG_WARN_DOCUMENTATION_COMMENTS = YES;
				CLANG_WARN_EMPTY_BODY = YES;
				CLANG_WARN_ENUM_CONVERSION = YES;
				CLANG_WARN_INFINITE_RECURSION = YES;
				CLANG_WARN_INT_CONVERSION = YES;
				CLANG_WARN_NON_LITERAL_NULL_CONVERSION = YES;
				CLANG_WARN_OBJC_IMPLICIT_RETAIN_SELF = YES;
				CLANG_WARN_OBJC_LITERAL_CONVERSION = YES;
				CLANG_WARN_OBJC_ROOT_CLASS = YES_ERROR;
				CLANG_WARN_QUOTED_INCLUDE_IN_FRAMEWORK_HEADER = YES;
				CLANG_WARN_RANGE_LOOP_ANALYSIS = YES;
				CLANG_WARN_STRICT_PROTOTYPES = YES;
				CLANG_WARN_SUSPICIOUS_MOVE = YES;
				CLANG_WARN_UNGUARDED_AVAILABILITY = YES_AGGRESSIVE;
				CLANG_WARN_UNREACHABLE_CODE = YES;
				CLANG_WARN__DUPLICATE_METHOD_MATCH = YES;
				COPY_PHASE_STRIP = NO;
				DEBUG_INFORMATION_FORMAT = "dwarf-with-dsym";
				DEVELOPMENT_TEAM = R5P3HZ7572;
				ENABLE_NS_ASSERTIONS = NO;
				ENABLE_STRICT_OBJC_MSGSEND = YES;
				ENABLE_USER_SCRIPT_SANDBOXING = YES;
				GCC_C_LANGUAGE_STANDARD = gnu11;
				GCC_NO_COMMON_BLOCKS = YES;
				GCC_WARN_64_TO_32_BIT_CONVERSION = YES;
				GCC_WARN_ABOUT_RETURN_TYPE = YES_ERROR;
				GCC_WARN_UNDECLARED_SELECTOR = YES;
				GCC_WARN_UNINITIALIZED_AUTOS = YES_AGGRESSIVE;
				GCC_WARN_UNUSED_FUNCTION = YES;
				GCC_WARN_UNUSED_VARIABLE = YES;
				MTL_ENABLE_DEBUG_INFO = NO;
				MTL_FAST_MATH = YES;
				PRODUCT_NAME = "$(TARGET_NAME)";
				SDKROOT = iphoneos;
				STRING_CATALOG_GENERATE_SYMBOLS = YES;
				SWIFT_COMPILATION_MODE = wholemodule;
				SWIFT_OPTIMIZATION_LEVEL = "-O";
				SWIFT_VERSION = 5.0;
			};
			name = Release;
		};
		C4064E77DBAB96EA037D0550 /* Release */ = {
			isa = XCBuildConfiguration;
			buildSettings = {
				ASSETCATALOG_COMPILER_APPICON_NAME = AppIcon;
				CODE_SIGN_IDENTITY = "iPhone Developer";
				INFOPLIST_FILE = Info.plist;
				IPHONEOS_DEPLOYMENT_TARGET = 16.0;
				LD_RUNPATH_SEARCH_PATHS = (
					"$(inherited)",
					"@executable_path/Frameworks",
				);
				PRODUCT_BUNDLE_IDENTIFIER = com.ekshithp.audiocastios;
				SDKROOT = iphoneos;
				TARGETED_DEVICE_FAMILY = "1,2";
			};
			name = Release;
		};
/* End XCBuildConfiguration section */

/* Begin XCConfigurationList section */
		9FBA84DEA24846F99A0D54D1 /* Build configuration list for PBXProject "AudioCastIOS" */ = {
			isa = XCConfigurationList;
			buildConfigurations = (
				645AEA09553DDDE649FBCB2D /* Debug */,
				AC7555A258C1A2F575EFF287 /* Release */,
			);
			defaultConfigurationIsVisible = 0;
			defaultConfigurationName = Debug;
		};
		D56DA2A822884FF9D46C85B2 /* Build configuration list for PBXNativeTarget "AudioCastIOS" */ = {
			isa = XCConfigurationList;
			buildConfigurations = (
				A52B93475FBCB0BB71F12632 /* Debug */,
				C4064E77DBAB96EA037D0550 /* Release */,
			);
			defaultConfigurationIsVisible = 0;
			defaultConfigurationName = Debug;
		};
/* End XCConfigurationList section */
	};
	rootObject = 1E5F53ECC31019B31D4824C8 /* Project object */;
}
